Microsoft Visual Studio Solution File, Format Version 12.00
# Visual Studio 2012
Project("{FAE04EC0-301F-11D3-BF4B-00C04F79EFBC}") = "Chess", "Chess.csproj", "{CFF678CE-F1C2-41C3-88E5-F14E34E75485}"
EndProject
Global
	GlobalSection(SolutionConfigurationPlatforms) = preSolution
	Debug|Any CPU = Debug|Any CPU
	ExportDebug|Any CPU = ExportDebug|Any CPU
	ExportRelease|Any CPU = ExportRelease|Any CPU
	EndGlobalSection
	GlobalSection(ProjectConfigurationPlatforms) = postSolution
		{CFF678CE-F1C2-41C3-88E5-F14E34E75485}.Debug|Any CPU.ActiveCfg = Debug|Any CPU
		{CFF678CE-F1C2-41C3-88E5-F14E34E75485}.Debug|Any CPU.Build.0 = Debug|Any CPU
		{CFF678CE-F1C2-41C3-88E5-F14E34E75485}.ExportDebug|Any CPU.ActiveCfg = ExportDebug|Any CPU
		{CFF678CE-F1C2-41C3-88E5-F14E34E75485}.ExportDebug|Any CPU.Build.0 = ExportDebug|Any CPU
		{CFF678CE-F1C2-41C3-88E5-F14E34E75485}.ExportRelease|Any CPU.ActiveCfg = ExportRelease|Any CPU
		{CFF678CE-F1C2-41C3-88E5-F14E34E75485}.ExportRelease|Any CPU.Build.0 = ExportRelease|Any CPU
	EndGlobalSection
EndGlobal
